// !$*UTF8*$!
{
	archiveVersion = 1;
	classes = {
	};
	objectVersion = 48;
	objects = {

/* Begin PBXBuildFile section */
		04F4FC3A1F79541900FDAC7A /* AppDelegate.swift in Sources */ = {isa = PBXBuildFile; fileRef = 04F4FC391F79541900FDAC7A /* AppDelegate.swift */; };
		04F4FC3C1F79541900FDAC7A /* ViewController.swift in Sources */ = {isa = PBXBuildFile; fileRef = 04F4FC3B1F79541900FDAC7A /* ViewController.swift */; };
		04F4FC3F1F79541900FDAC7A /* Main.storyboard in Resources */ = {isa = PBXBuildFile; fileRef = 04F4FC3D1F79541900FDAC7A /* Main.storyboard */; };
		04F4FC421F79541900FDAC7A /* AuthenticationUsingFirebase.xcdatamodeld in Sources */ = {isa = PBXBuildFile; fileRef = 04F4FC401F79541900FDAC7A /* AuthenticationUsingFirebase.xcdatamodeld */; };
		04F4FC441F79541900FDAC7A /* Assets.xcassets in Resources */ = {isa = PBXBuildFile; fileRef = 04F4FC431F79541900FDAC7A /* Assets.xcassets */; };
		04F4FC471F79541900FDAC7A /* LaunchScreen.storyboard in Resources */ = {isa = PBXBuildFile; fileRef = 04F4FC451F79541900FDAC7A /* LaunchScreen.storyboard */; };
		04F4FC521F79541900FDAC7A /* AuthenticationUsingFirebaseTests.swift in Sources */ = {isa = PBXBuildFile; fileRef = 04F4FC511F79541900FDAC7A /* AuthenticationUsingFirebaseTests.swift */; };
/* End PBXBuildFile section */

/* Begin PBXContainerItemProxy section */
		04F4FC4E1F79541900FDAC7A /* PBXContainerItemProxy */ = {
			isa = PBXContainerItemProxy;
			containerPortal = 04F4FC2E1F79541900FDAC7A /* Project object */;
			proxyType = 1;
			remoteGlobalIDString = 04F4FC351F79541900FDAC7A;
			remoteInfo = AuthenticationUsingFirebase;
		};
/* End PBXContainerItemProxy section */

/* Begin PBXFileReference section */
		04F4FC361F79541900FDAC7A /* AuthenticationUsingFirebase.app */ = {isa = PBXFileReference; explicitFileType = wrapper.application; includeInIndex = 0; path = AuthenticationUsingFirebase.app; sourceTree = BUILT_PRODUCTS_DIR; };
		04F4FC391F79541900FDAC7A /* AppDelegate.swift */ = {isa = PBXFileReference; lastKnownFileType = sourcecode.swift; path = AppDelegate.swift; sourceTree = "<group>"; };
		04F4FC3B1F79541900FDAC7A /* ViewController.swift */ = {isa = PBXFileReference; lastKnownFileType = sourcecode.swift; path = ViewController.swift; sourceTree = "<group>"; };
		04F4FC3E1F79541900FDAC7A /* Base */ = {isa = PBXFileReference; lastKnownFileType = file.storyboard; name = Base; path = Base.lproj/Main.storyboard; sourceTree = "<group>"; };
		04F4FC411F79541900FDAC7A /* AuthenticationUsingFirebase.xcdatamodel */ = {isa = PBXFileReference; lastKnownFileType = wrapper.xcdatamodel; path = AuthenticationUsingFirebase.xcdatamodel; sourceTree = "<group>"; };
		04F4FC431F79541900FDAC7A /* Assets.xcassets */ = {isa = PBXFileReference; lastKnownFileType = folder.assetcatalog; path = Assets.xcassets; sourceTree = "<group>"; };
		04F4FC461F79541900FDAC7A /* Base */ = {isa = PBXFileReference; lastKnownFileType = file.storyboard; name = Base; path = Base.lproj/LaunchScreen.storyboard; sourceTree = "<group>"; };
		04F4FC481F79541900FDAC7A /* Info.plist */ = {isa = PBXFileReference; lastKnownFileType = text.plist.xml; path = Info.plist; sourceTree = "<group>"; };
		04F4FC4D1F79541900FDAC7A /* AuthenticationUsingFirebaseTests.xctest */ = {isa = PBXFileReference; explicitFileType = wrapper.cfbundle; includeInIndex = 0; path = AuthenticationUsingFirebaseTests.xctest; sourceTree = BUILT_PRODUCTS_DIR; };
		04F4FC511F79541900FDAC7A /* AuthenticationUsingFirebaseTests.swift */ = {isa = PBXFileReference; lastKnownFileType = sourcecode.swift; path = AuthenticationUsingFirebaseTests.swift; sourceTree = "<group>"; };
		04F4FC531F79541900FDAC7A /* Info.plist */ = {isa = PBXFileReference; lastKnownFileType = text.plist.xml; path = Info.plist; sourceTree = "<group>"; };
/* End PBXFileReference section */

/* Begin PBXFrameworksBuildPhase section */
		04F4FC331F79541900FDAC7A /* Frameworks */ = {
			isa = PBXFrameworksBuildPhase;
			buildActionMask = 2147483647;
			files = (
			);
			runOnlyForDeploymentPostprocessing = 0;
		};
		04F4FC4A1F79541900FDAC7A /* Frameworks */ = {
			isa = PBXFrameworksBuildPhase;
			buildActionMask = 2147483647;
			files = (
			);
			runOnlyForDeploymentPostprocessing = 0;
		};
/* End PBXFrameworksBuildPhase section */

/* Begin PBXGroup section */
		04F4FC2D1F79541800FDAC7A = {
			isa = PBXGroup;
			children = (
				04F4FC381F79541900FDAC7A /* AuthenticationUsingFirebase */,
				04F4FC501F79541900FDAC7A /* AuthenticationUsingFirebaseTests */,
				04F4FC371F79541900FDAC7A /* Products */,
			);
			sourceTree = "<group>";
		};
		04F4FC371F79541900FDAC7A /* Products */ = {
			isa = PBXGroup;
			children = (
				04F4FC361F79541900FDAC7A /* AuthenticationUsingFirebase.app */,
				04F4FC4D1F79541900FDAC7A /* AuthenticationUsingFirebaseTests.xctest */,
			);
			name = Products;
			sourceTree = "<group>";
		};
		04F4FC381F79541900FDAC7A /* AuthenticationUsingFirebase */ = {
			isa = PBXGroup;
			children = (
				04F4FC391F79541900FDAC7A /* AppDelegate.swift */,
				04F4FC3B1F79541900FDAC7A /* ViewController.swift */,
				04F4FC3D1F79541900FDAC7A /* Main.storyboard */,
				04F4FC431F79541900FDAC7A /* Assets.xcassets */,
				04F4FC451F79541900FDAC7A /* LaunchScreen.storyboard */,
				04F4FC481F79541900FDAC7A /* Info.plist */,
				04F4FC401F79541900FDAC7A /* AuthenticationUsingFirebase.xcdatamodeld */,
			);
			path = AuthenticationUsingFirebase;
			sourceTree = "<group>";
		};
		04F4FC501F79541900FDAC7A /* AuthenticationUsingFirebaseTests */ = {
			isa = PBXGroup;
			children = (
				04F4FC511F79541900FDAC7A /* AuthenticationUsingFirebaseTests.swift */,
				04F4FC531F79541900FDAC7A /* Info.plist */,
			);
			path = AuthenticationUsingFirebaseTests;
			sourceTree = "<group>";
		};
/* End PBXGroup section */

/* Begin PBXNativeTarget section */
		04F4FC351F79541900FDAC7A /* AuthenticationUsingFirebase */ = {
			isa = PBXNativeTarget;
			buildConfigurationList = 04F4FC561F79541900FDAC7A /* Build configuration list for PBXNativeTarget "AuthenticationUsingFirebase" */;
			buildPhases = (
				04F4FC321F79541900FDAC7A /* Sources */,
				04F4FC331F79541900FDAC7A /* Frameworks */,
				04F4FC341F79541900FDAC7A /* Resources */,
			);
			buildRules = (
			);
			dependencies = (
			);
			name = AuthenticationUsingFirebase;
			productName = AuthenticationUsingFirebase;
			productReference = 04F4FC361F79541900FDAC7A /* AuthenticationUsingFirebase.app */;
			productType = "com.apple.product-type.application";
		};
		04F4FC4C1F79541900FDAC7A /* AuthenticationUsingFirebaseTests */ = {
			isa = PBXNativeTarget;
			buildConfigurationList = 04F4FC591F79541900FDAC7A /* Build configuration list for PBXNativeTarget "AuthenticationUsingFirebaseTests" */;
			buildPhases = (
				04F4FC491F79541900FDAC7A /* Sources */,
				04F4FC4A1F79541900FDAC7A /* Frameworks */,
				04F4FC4B1F79541900FDAC7A /* Resources */,
			);
			buildRules = (
			);
			dependencies = (
				04F4FC4F1F79541900FDAC7A /* PBXTargetDependency */,
			);
			name = AuthenticationUsingFirebaseTests;
			productName = AuthenticationUsingFirebaseTests;
			productReference = 04F4FC4D1F79541900FDAC7A /* AuthenticationUsingFirebaseTests.xctest */;
			productType = "com.apple.product-type.bundle.unit-test";
		};
/* End PBXNativeTarget section */

/* Begin PBXProject section */
		04F4FC2E1F79541900FDAC7A /* Project object */ = {
			isa = PBXProject;
			attributes = {
				LastSwiftUpdateCheck = 0900;
				LastUpgradeCheck = 0900;
				ORGANIZATIONNAME = Mac;
				TargetAttributes = {
					04F4FC351F79541900FDAC7A = {
						CreatedOnToolsVersion = 9.0;
						ProvisioningStyle = Automatic;
					};
					04F4FC4C1F79541900FDAC7A = {
						CreatedOnToolsVersion = 9.0;
						ProvisioningStyle = Automatic;
						TestTargetID = 04F4FC351F79541900FDAC7A;
					};
				};
			};
			buildConfigurationList = 04F4FC311F79541900FDAC7A /* Build configuration list for PBXProject "AuthenticationUsingFirebase" */;
			compatibilityVersion = "Xcode 8.0";
			developmentRegion = en;
			hasScannedForEncodings = 0;
			knownRegions = (
				en,
				Base,
			);
			mainGroup = 04F4FC2D1F79541800FDAC7A;
			productRefGroup = 04F4FC371F79541900FDAC7A /* Products */;
			projectDirPath = "";
			projectRoot = "";
			targets = (
				04F4FC351F79541900FDAC7A /* AuthenticationUsingFirebase */,
				04F4FC4C1F79541900FDAC7A /* AuthenticationUsingFirebaseTests */,
			);
		};
/* End PBXProject section */

/* Begin PBXResourcesBuildPhase section */
		04F4FC341F79541900FDAC7A /* Resources */ = {
			isa = PBXResourcesBuildPhase;
			buildActionMask = 2147483647;
			files = (
				04F4FC471F79541900FDAC7A /* LaunchScreen.storyboard in Resources */,
				04F4FC441F79541900FDAC7A /* Assets.xcassets in Resources */,
				04F4FC3F1F79541900FDAC7A /* Main.storyboard in Resources */,
			);
			runOnlyForDeploymentPostprocessing = 0;
		};
		04F4FC4B1F79541900FDAC7A /* Resources */ = {
			isa = PBXResourcesBuildPhase;
			buildActionMask = 2147483647;
			files = (
			);
			runOnlyForDeploymentPostprocessing = 0;
		};
/* End PBXResourcesBuildPhase section */

/* Begin PBXSourcesBuildPhase section */
		04F4FC321F79541900FDAC7A /* Sources */ = {
			isa = PBXSourcesBuildPhase;
			buildActionMask = 2147483647;
			files = (
				04F4FC421F79541900FDAC7A /* AuthenticationUsingFirebase.xcdatamodeld in Sources */,
				04F4FC3C1F79541900FDAC7A /* ViewController.swift in Sources */,
				04F4FC3A1F79541900FDAC7A /* AppDelegate.swift in Sources */,
			);
			runOnlyForDeploymentPostprocessing = 0;
		};
		04F4FC491F79541900FDAC7A /* Sources */ = {
			isa = PBXSourcesBuildPhase;
			buildActionMask = 2147483647;
			files = (
				04F4FC521F79541900FDAC7A /* AuthenticationUsingFirebaseTests.swift in Sources */,
			);
			runOnlyForDeploymentPostprocessing = 0;
		};
/* End PBXSourcesBuildPhase section */

/* Begin PBXTargetDependency section */
		04F4FC4F1F79541900FDAC7A /* PBXTargetDependency */ = {
			isa = PBXTargetDependency;
			target = 04F4FC351F79541900FDAC7A /* AuthenticationUsingFirebase */;
			targetProxy = 04F4FC4E1F79541900FDAC7A /* PBXContainerItemProxy */;
		};
/* End PBXTargetDependency section */

/* Begin PBXVariantGroup section */
		04F4FC3D1F79541900FDAC7A /* Main.storyboard */ = {
			isa = PBXVariantGroup;
			children = (
				04F4FC3E1F79541900FDAC7A /* Base */,
			);
			name = Main.storyboard;
			sourceTree = "<group>";
		};
		04F4FC451F79541900FDAC7A /* LaunchScreen.storyboard */ = {
			isa = PBXVariantGroup;
			children = (
				04F4FC461F79541900FDAC7A /* Base */,
			);
			name = LaunchScreen.storyboard;
			sourceTree = "<group>";
		};
/* End PBXVariantGroup section */

/* Begin XCBuildConfiguration section */
		04F4FC541F79541900FDAC7A /* Debug */ = {
			isa = XCBuildConfiguration;
			buildSettings = {
				ALWAYS_SEARCH_USER_PATHS = NO;
				CLANG_ANALYZER_NONNULL = YES;
				CLANG_ANALYZER_NUMBER_OBJECT_CONVERSION = YES_AGGRESSIVE;
				CLANG_CXX_LANGUAGE_STANDARD = "gnu++14";
				CLANG_CXX_LIBRARY = "libc++";
				CLANG_ENABLE_MODULES = YES;
				CLANG_ENABLE_OBJC_ARC = YES;
				CLANG_WARN_BLOCK_CAPTURE_AUTORELEASING = YES;
				CLANG_WARN_BOOL_CONVERSION = YES;
				CLANG_WARN_COMMA = YES;
				CLANG_WARN_CONSTANT_CONVERSION = YES;
				CLANG_WARN_DIRECT_OBJC_ISA_USAGE = YES_ERROR;
				CLANG_WARN_DOCUMENTATION_COMMENTS = YES;
				CLANG_WARN_EMPTY_BODY = YES;
				CLANG_WARN_ENUM_CONVERSION = YES;
				CLANG_WARN_INFINITE_RECURSION = YES;
				CLANG_WARN_INT_CONVERSION = YES;
				CLANG_WARN_NON_LITERAL_NULL_CONVERSION = YES;
				CLANG_WARN_OBJC_LITERAL_CONVERSION = YES;
				CLANG_WARN_OBJC_ROOT_CLASS = YES_ERROR;
				CLANG_WARN_RANGE_LOOP_ANALYSIS = YES;
				CLANG_WARN_STRICT_PROTOTYPES = YES;
				CLANG_WARN_SUSPICIOUS_MOVE = YES;
				CLANG_WARN_UNGUARDED_AVAILABILITY = YES_AGGRESSIVE;
				CLANG_WARN_UNREACHABLE_CODE = YES;
				CLANG_WARN__DUPLICATE_METHOD_MATCH = YES;
				CODE_SIGN_IDENTITY = "iPhone Developer";
				COPY_PHASE_STRIP = NO;
				DEBUG_INFORMATION_FORMAT = dwarf;
				ENABLE_STRICT_OBJC_MSGSEND = YES;
				ENABLE_TESTABILITY = YES;
				GCC_C_LANGUAGE_STANDARD = gnu11;
				GCC_DYNAMIC_NO_PIC = NO;
				GCC_NO_COMMON_BLOCKS = YES;
				GCC_OPTIMIZATION_LEVEL = 0;
				GCC_PREPROCESSOR_DEFINITIONS = (
					"DEBUG=1",
					"$(inherited)",
				);
				GCC_WARN_64_TO_32_BIT_CONVERSION = YES;
				GCC_WARN_ABOUT_RETURN_TYPE = YES_ERROR;
				GCC_WARN_UNDECLARED_SELECTOR = YES;
				GCC_WARN_UNINITIALIZED_AUTOS = YES_AGGRESSIVE;
				GCC_WARN_UNUSED_FUNCTION = YES;
				GCC_WARN_UNUSED_VARIABLE = YES;
				IPHONEOS_DEPLOYMENT_TARGET = 11.0;
				MTL_ENABLE_DEBUG_INFO = YES;
				ONLY_ACTIVE_ARCH = YES;
				SDKROOT = iphoneos;
				SWIFT_ACTIVE_COMPILATION_CONDITIONS = DEBUG;
				SWIFT_OPTIMIZATION_LEVEL = "-Onone";
			};
			name = Debug;
		};
		04F4FC551F79541900FDAC7A /* Release */ = {
			isa = XCBuildConfiguration;
			buildSettings = {
				ALWAYS_SEARCH_USER_PATHS = NO;
				CLANG_ANALYZER_NONNULL = YES;
				CLANG_ANALYZER_NUMBER_OBJECT_CONVERSION = YES_AGGRESSIVE;
				CLANG_CXX_LANGUAGE_STANDARD = "gnu++14";
				CLANG_CXX_LIBRARY = "libc++";
				CLANG_ENABLE_MODULES = YES;
				CLANG_ENABLE_OBJC_ARC = YES;
				CLANG_WARN_BLOCK_CAPTURE_AUTORELEASING = YES;
				CLANG_WARN_BOOL_CONVERSION = YES;
				CLANG_WARN_COMMA = YES;
				CLANG_WARN_CONSTANT_CONVERSION = YES;
				CLANG_WARN_DIRECT_OBJC_ISA_USAGE = YES_ERROR;
				CLANG_WARN_DOCUMENTATION_COMMENTS = YES;
				CLANG_WARN_EMPTY_BODY = YES;
				CLANG_WARN_ENUM_CONVERSION = YES;
				CLANG_WARN_INFINITE_RECURSION = YES;
				CLANG_WARN_INT_CONVERSION = YES;
				CLANG_WARN_NON_LITERAL_NULL_CONVERSION = YES;
				CLANG_WARN_OBJC_LITERAL_CONVERSION = YES;
				CLANG_WARN_OBJC_ROOT_CLASS = YES_ERROR;
				CLANG_WARN_RANGE_LOOP_ANALYSIS = YES;
				CLANG_WARN_STRICT_PROTOTYPES = YES;
				CLANG_WARN_SUSPICIOUS_MOVE = YES;
				CLANG_WARN_UNGUARDED_AVAILABILITY = YES_AGGRESSIVE;
				CLANG_WARN_UNREACHABLE_CODE = YES;
				CLANG_WARN__DUPLICATE_METHOD_MATCH = YES;
				CODE_SIGN_IDENTITY = "iPhone Developer";
				COPY_PHASE_STRIP = NO;
				DEBUG_INFORMATION_FORMAT = "dwarf-with-dsym";
				ENABLE_NS_ASSERTIONS = NO;
				ENABLE_STRICT_OBJC_MSGSEND = YES;
				GCC_C_LANGUAGE_STANDARD = gnu11;
				GCC_NO_COMMON_BLOCKS = YES;
				GCC_WARN_64_TO_32_BIT_CONVERSION = YES;
				GCC_WARN_ABOUT_RETURN_TYPE = YES_ERROR;
				GCC_WARN_UNDECLARED_SELECTOR = YES;
				GCC_WARN_UNINITIALIZED_AUTOS = YES_AGGRESSIVE;
				GCC_WARN_UNUSED_FUNCTION = YES;
				GCC_WARN_UNUSED_VARIABLE = YES;
				IPHONEOS_DEPLOYMENT_TARGET = 11.0;
				MTL_ENABLE_DEBUG_INFO = NO;
				SDKROOT = iphoneos;
				SWIFT_OPTIMIZATION_LEVEL = "-Owholemodule";
				VALIDATE_PRODUCT = YES;
			};
			name = Release;
		};
		04F4FC571F79541900FDAC7A /* Debug */ = {
			isa = XCBuildConfiguration;
			buildSettings = {
				ASSETCATALOG_COMPILER_APPICON_NAME = AppIcon;
				CODE_SIGN_STYLE = Automatic;
				INFOPLIST_FILE = AuthenticationUsingFirebase/Info.plist;
				LD_RUNPATH_SEARCH_PATHS = "$(inherited) @executable_path/Frameworks";
				PRODUCT_BUNDLE_IDENTIFIER = ios.week5.authwithfire.AuthenticationUsingFirebase;
				PRODUCT_NAME = "$(TARGET_NAME)";
				SWIFT_VERSION = 4.0;
				TARGETED_DEVICE_FAMILY = "1,2";
			};
			name = Debug;
		};
		04F4FC581F79541900FDAC7A /* Release */ = {
			isa = XCBuildConfiguration;
			buildSettings = {
				ASSETCATALOG_COMPILER_APPICON_NAME = AppIcon;
				CODE_SIGN_STYLE = Automatic;
				INFOPLIST_FILE = AuthenticationUsingFirebase/Info.plist;
				LD_RUNPATH_SEARCH_PATHS = "$(inherited) @executable_path/Frameworks";
				PRODUCT_BUNDLE_IDENTIFIER = ios.week5.authwithfire.AuthenticationUsingFirebase;
				PRODUCT_NAME = "$(TARGET_NAME)";
				SWIFT_VERSION = 4.0;
				TARGETED_DEVICE_FAMILY = "1,2";
			};
			name = Release;
		};
		04F4FC5A1F79541900FDAC7A /* Debug */ = {
			isa = XCBuildConfiguration;
			buildSettings = {
				ALWAYS_EMBED_SWIFT_STANDARD_LIBRARIES = YES;
				BUNDLE_LOADER = "$(TEST_HOST)";
				CODE_SIGN_STYLE = Automatic;
				INFOPLIST_FILE = AuthenticationUsingFirebaseTests/Info.plist;
				LD_RUNPATH_SEARCH_PATHS = "$(inherited) @executable_path/Frameworks @loader_path/Frameworks";
				PRODUCT_BUNDLE_IDENTIFIER = ios.week5.authwithfire.AuthenticationUsingFirebaseTests;
				PRODUCT_NAME = "$(TARGET_NAME)";
				SWIFT_VERSION = 4.0;
				TARGETED_DEVICE_FAMILY = "1,2";
				TEST_HOST = "$(BUILT_PRODUCTS_DIR)/AuthenticationUsingFirebase.app/AuthenticationUsingFirebase";
			};
			name = Debug;
		};
		04F4FC5B1F79541900FDAC7A /* Release */ = {
			isa = XCBuildConfiguration;
			buildSettings = {
				ALWAYS_EMBED_SWIFT_STANDARD_LIBRARIES = YES;
				BUNDLE_LOADER = "$(TEST_HOST)";
				CODE_SIGN_STYLE = Automatic;
				INFOPLIST_FILE = AuthenticationUsingFirebaseTests/Info.plist;
				LD_RUNPATH_SEARCH_PATHS = "$(inherited) @executable_path/Frameworks @loader_path/Frameworks";
				PRODUCT_BUNDLE_IDENTIFIER = ios.week5.authwithfire.AuthenticationUsingFirebaseTests;
				PRODUCT_NAME = "$(TARGET_NAME)";
				SWIFT_VERSION = 4.0;
				TARGETED_DEVICE_FAMILY = "1,2";
				TEST_HOST = "$(BUILT_PRODUCTS_DIR)/AuthenticationUsingFirebase.app/AuthenticationUsingFirebase";
			};
			name = Release;
		};
/* End XCBuildConfiguration section */

/* Begin XCConfigurationList section */
		04F4FC311F79541900FDAC7A /* Build configuration list for PBXProject "AuthenticationUsingFirebase" */ = {
			isa = XCConfigurationList;
			buildConfigurations = (
				04F4FC541F79541900FDAC7A /* Debug */,
				04F4FC551F79541900FDAC7A /* Release */,
			);
			defaultConfigurationIsVisible = 0;
			defaultConfigurationName = Release;
		};
		04F4FC561F79541900FDAC7A /* Build configuration list for PBXNativeTarget "AuthenticationUsingFirebase" */ = {
			isa = XCConfigurationList;
			buildConfigurations = (
				04F4FC571F79541900FDAC7A /* Debug */,
				04F4FC581F79541900FDAC7A /* Release */,
			);
			defaultConfigurationIsVisible = 0;
			defaultConfigurationName = Release;
		};
		04F4FC591F79541900FDAC7A /* Build configuration list for PBXNativeTarget "AuthenticationUsingFirebaseTests" */ = {
			isa = XCConfigurationList;
			buildConfigurations = (
				04F4FC5A1F79541900FDAC7A /* Debug */,
				04F4FC5B1F79541900FDAC7A /* Release */,
			);
			defaultConfigurationIsVisible = 0;
			defaultConfigurationName = Release;
		};
/* End XCConfigurationList section */

/* Begin XCVersionGroup section */
		04F4FC401F79541900FDAC7A /* AuthenticationUsingFirebase.xcdatamodeld */ = {
			isa = XCVersionGroup;
			children = (
				04F4FC411F79541900FDAC7A /* AuthenticationUsingFirebase.xcdatamodel */,
			);
			currentVersion = 04F4FC411F79541900FDAC7A /* AuthenticationUsingFirebase.xcdatamodel */;
			path = AuthenticationUsingFirebase.xcdatamodeld;
			sourceTree = "<group>";
			versionGroupType = wrapper.xcdatamodel;
		};
/* End XCVersionGroup section */
	};
	rootObject = 04F4FC2E1F79541900FDAC7A /* Project object */;
}
